
Microsoft Visual Studio Solution File, Format Version 12.00
# Visual Studio Version 17
VisualStudioVersion = 17.3.32922.545
MinimumVisualStudioVersion = 10.0.40219.1
Project("{FAE04EC0-301F-11D3-BF4B-00C04F79EFBC}") = "ConsoleApp4", "ConsoleApp4\ConsoleApp4.csproj", "{9B9F8BCA-83CF-4249-BDEB-75163A72312A}"
EndProject
Global
	GlobalSection(SolutionConfigurationPlatforms) = preSolution
		Debug|Any CPU = Debug|Any CPU
		Release|Any CPU = Release|Any CPU
	EndGlobalSection
	GlobalSection(ProjectConfigurationPlatforms) = postSolution
		{9B9F8BCA-83CF-4249-BDEB-75163A72312A}.Debug|Any CPU.ActiveCfg = Debug|Any CPU
		{9B9F8BCA-83CF-4249-BDEB-75163A72312A}.Debug|Any CPU.Build.0 = Debug|Any CPU
		{9B9F8BCA-83CF-4249-BDEB-75163A72312A}.Release|Any CPU.ActiveCfg = Release|Any CPU
		{9B9F8BCA-83CF-4249-BDEB-75163A72312A}.Release|Any CPU.Build.0 = Release|Any CPU
	EndGlobalSection
	GlobalSection(SolutionProperties) = preSolution
		HideSolutionNode = FALSE
	EndGlobalSection
	GlobalSection(ExtensibilityGlobals) = postSolution
		SolutionGuid = {255FEDE5-C36E-4993-B3CF-F7280D04DC82}
	EndGlobalSection
EndGlobal
